{
  "name": "pd2-market-hotkeys",
  "version": "1.0.0",
  "lockfileVersion": 3,
  "requires": true,
  "packages": {
    "": {
      "name": "pd2-market-hotkeys",
      "version": "1.0.0",
      "license": "MIT",
      "devDependencies": {
        "chrome-types": "0.1.329",
        "prettier": "3.4.2"
      }
    },
    "node_modules/chrome-types": {
      "version": "0.1.329",
      "dev": true,
      "license": "Apache-2.0"
    },
    "node_modules/prettier": {
      "version": "3.4.2",
      "dev": true,
      "license": "MIT",
      "bin": {
        "prettier": "bin/prettier.cjs"
      },
      "engines": {
        "node": ">=14"
      },
      "funding": {
        "url": "https://github.com/prettier/prettier?sponsor=1"
      }
    }
  }
}
